
Microsoft Visual Studio Solution File, Format Version 12.00
# Visual Studio 2013
VisualStudioVersion = 12.0.21005.1
MinimumVisualStudioVersion = 10.0.40219.1
Project("{FAE04EC0-301F-11D3-BF4B-00C04F79EFBC}") = "ReportWriterTemplate", "ReportWriterTemplate\ReportWriterTemplate.csproj", "{6A9EF7DE-2D4E-4D80-A6B2-9A04B5F1D7EB}"
EndProject
Global
	GlobalSection(SolutionConfigurationPlatforms) = preSolution
		Debug|Any CPU = Debug|Any CPU
		Release|Any CPU = Release|Any CPU
	EndGlobalSection
	GlobalSection(ProjectConfigurationPlatforms) = postSolution
		{6A9EF7DE-2D4E-4D80-A6B2-9A04B5F1D7EB}.Debug|Any CPU.ActiveCfg = Debug|Any CPU
		{6A9EF7DE-2D4E-4D80-A6B2-9A04B5F1D7EB}.Debug|Any CPU.Build.0 = Debug|Any CPU
		{6A9EF7DE-2D4E-4D80-A6B2-9A04B5F1D7EB}.Release|Any CPU.ActiveCfg = Release|Any CPU
		{6A9EF7DE-2D4E-4D80-A6B2-9A04B5F1D7EB}.Release|Any CPU.Build.0 = Release|Any CPU
	EndGlobalSection
	GlobalSection(SolutionProperties) = preSolution
		HideSolutionNode = FALSE
	EndGlobalSection
EndGlobal
